
Microsoft Visual Studio Solution File, Format Version 11.00
# Visual Studio 2010
Project("{FAE04EC0-301F-11D3-BF4B-00C04F79EFBC}") = "MemcacheIt", "MemcacheIt\MemcacheIt.csproj", "{4D470396-2656-4E66-9285-BA7086D058FE}"
EndProject
Project("{FAE04EC0-301F-11D3-BF4B-00C04F79EFBC}") = "Spec.MemcacheIt", "Spec.MemcacheIt\Spec.MemcacheIt.csproj", "{B69E2131-4B00-4A4C-9A15-60B4269EA603}"
EndProject
Project("{2150E333-8FDC-42A3-9474-1A3956D46DE8}") = "Libs", "Libs", "{A7433B67-39E0-4F58-83D7-661D85D4C30F}"
EndProject
Project("{2150E333-8FDC-42A3-9474-1A3956D46DE8}") = "SimpleSpec", "SimpleSpec", "{E4BF32D5-067D-452E-95B1-5C5CD71C5D0C}"
	ProjectSection(SolutionItems) = preProject
		Libs\SimpleSpec\nunit.framework.dll = Libs\SimpleSpec\nunit.framework.dll
		Libs\SimpleSpec\SimpleSpec.NUnit.dll = Libs\SimpleSpec\SimpleSpec.NUnit.dll
	EndProjectSection
EndProject
Global
	GlobalSection(SolutionConfigurationPlatforms) = preSolution
		Debug|Any CPU = Debug|Any CPU
		Release|Any CPU = Release|Any CPU
	EndGlobalSection
	GlobalSection(ProjectConfigurationPlatforms) = postSolution
		{4D470396-2656-4E66-9285-BA7086D058FE}.Debug|Any CPU.ActiveCfg = Debug|Any CPU
		{4D470396-2656-4E66-9285-BA7086D058FE}.Debug|Any CPU.Build.0 = Debug|Any CPU
		{4D470396-2656-4E66-9285-BA7086D058FE}.Release|Any CPU.ActiveCfg = Release|Any CPU
		{4D470396-2656-4E66-9285-BA7086D058FE}.Release|Any CPU.Build.0 = Release|Any CPU
		{B69E2131-4B00-4A4C-9A15-60B4269EA603}.Debug|Any CPU.ActiveCfg = Debug|Any CPU
		{B69E2131-4B00-4A4C-9A15-60B4269EA603}.Debug|Any CPU.Build.0 = Debug|Any CPU
		{B69E2131-4B00-4A4C-9A15-60B4269EA603}.Release|Any CPU.ActiveCfg = Release|Any CPU
		{B69E2131-4B00-4A4C-9A15-60B4269EA603}.Release|Any CPU.Build.0 = Release|Any CPU
	EndGlobalSection
	GlobalSection(SolutionProperties) = preSolution
		HideSolutionNode = FALSE
	EndGlobalSection
	GlobalSection(NestedProjects) = preSolution
		{E4BF32D5-067D-452E-95B1-5C5CD71C5D0C} = {A7433B67-39E0-4F58-83D7-661D85D4C30F}
	EndGlobalSection
EndGlobal
